
Microsoft Visual Studio Solution File, Format Version 12.00
# Visual Studio Version 16
VisualStudioVersion = 16.0.31005.135
MinimumVisualStudioVersion = 10.0.40219.1
Project("{FAE04EC0-301F-11D3-BF4B-00C04F79EFBC}") = "OTP", "OTP\OTP.csproj", "{A284158C-9799-4ACC-9F39-6297F245EA61}"
EndProject
Global
	GlobalSection(SolutionConfigurationPlatforms) = preSolution
		Debug|Any CPU = Debug|Any CPU
		Release|Any CPU = Release|Any CPU
	EndGlobalSection
	GlobalSection(ProjectConfigurationPlatforms) = postSolution
		{A284158C-9799-4ACC-9F39-6297F245EA61}.Debug|Any CPU.ActiveCfg = Debug|Any CPU
		{A284158C-9799-4ACC-9F39-6297F245EA61}.Debug|Any CPU.Build.0 = Debug|Any CPU
		{A284158C-9799-4ACC-9F39-6297F245EA61}.Release|Any CPU.ActiveCfg = Release|Any CPU
		{A284158C-9799-4ACC-9F39-6297F245EA61}.Release|Any CPU.Build.0 = Release|Any CPU
	EndGlobalSection
	GlobalSection(SolutionProperties) = preSolution
		HideSolutionNode = FALSE
	EndGlobalSection
	GlobalSection(ExtensibilityGlobals) = postSolution
		SolutionGuid = {EC76E498-351E-4700-A0F1-64B293B5406A}
	EndGlobalSection
EndGlobal
